
Microsoft Visual Studio Solution File, Format Version 12.00
# Visual Studio 15
VisualStudioVersion = 15.0.26430.6
MinimumVisualStudioVersion = 10.0.40219.1
Project("{FAE04EC0-301F-11D3-BF4B-00C04F79EFBC}") = "Interface", "Interface\Interface.csproj", "{E0DD0A55-78FA-4F1F-809B-620931E43A58}"
EndProject
Project("{FAE04EC0-301F-11D3-BF4B-00C04F79EFBC}") = "Grains", "Grains\Grains.csproj", "{E07AC155-D88D-4659-9F09-C92A236AA8D6}"
EndProject
Project("{FAE04EC0-301F-11D3-BF4B-00C04F79EFBC}") = "Test", "Test\Test.csproj", "{266EB333-84C4-43E9-94B4-99E3B7E5E6DF}"
EndProject
Global
	GlobalSection(SolutionConfigurationPlatforms) = preSolution
		Debug|Any CPU = Debug|Any CPU
		Release|Any CPU = Release|Any CPU
	EndGlobalSection
	GlobalSection(ProjectConfigurationPlatforms) = postSolution
		{E0DD0A55-78FA-4F1F-809B-620931E43A58}.Debug|Any CPU.ActiveCfg = Debug|Any CPU
		{E0DD0A55-78FA-4F1F-809B-620931E43A58}.Debug|Any CPU.Build.0 = Debug|Any CPU
		{E0DD0A55-78FA-4F1F-809B-620931E43A58}.Release|Any CPU.ActiveCfg = Release|Any CPU
		{E0DD0A55-78FA-4F1F-809B-620931E43A58}.Release|Any CPU.Build.0 = Release|Any CPU
		{E07AC155-D88D-4659-9F09-C92A236AA8D6}.Debug|Any CPU.ActiveCfg = Debug|Any CPU
		{E07AC155-D88D-4659-9F09-C92A236AA8D6}.Debug|Any CPU.Build.0 = Debug|Any CPU
		{E07AC155-D88D-4659-9F09-C92A236AA8D6}.Release|Any CPU.ActiveCfg = Release|Any CPU
		{E07AC155-D88D-4659-9F09-C92A236AA8D6}.Release|Any CPU.Build.0 = Release|Any CPU
		{266EB333-84C4-43E9-94B4-99E3B7E5E6DF}.Debug|Any CPU.ActiveCfg = Debug|Any CPU
		{266EB333-84C4-43E9-94B4-99E3B7E5E6DF}.Debug|Any CPU.Build.0 = Debug|Any CPU
		{266EB333-84C4-43E9-94B4-99E3B7E5E6DF}.Release|Any CPU.ActiveCfg = Release|Any CPU
		{266EB333-84C4-43E9-94B4-99E3B7E5E6DF}.Release|Any CPU.Build.0 = Release|Any CPU
	EndGlobalSection
	GlobalSection(SolutionProperties) = preSolution
		HideSolutionNode = FALSE
	EndGlobalSection
EndGlobal
